
Microsoft Visual Studio Solution File, Format Version 12.00
# Visual Studio Version 16
VisualStudioVersion = 16.0.32407.337
MinimumVisualStudioVersion = 10.0.40219.1
Project("{9A19103F-16F7-4668-BE54-9A1E7A4F7556}") = "Fighting", "Fighting\Fighting.csproj", "{5161C1C4-A1CA-4037-9E07-BD15A6CC2C8E}"
EndProject
Project("{FAE04EC0-301F-11D3-BF4B-00C04F79EFBC}") = "Model.Tests", "Model.Tests\Model.Tests.csproj", "{0763E26C-DC2E-4213-A014-ABAE886977BE}"
EndProject
Global
	GlobalSection(SolutionConfigurationPlatforms) = preSolution
		Debug|Any CPU = Debug|Any CPU
		Release|Any CPU = Release|Any CPU
	EndGlobalSection
	GlobalSection(ProjectConfigurationPlatforms) = postSolution
		{5161C1C4-A1CA-4037-9E07-BD15A6CC2C8E}.Debug|Any CPU.ActiveCfg = Debug|Any CPU
		{5161C1C4-A1CA-4037-9E07-BD15A6CC2C8E}.Debug|Any CPU.Build.0 = Debug|Any CPU
		{5161C1C4-A1CA-4037-9E07-BD15A6CC2C8E}.Release|Any CPU.ActiveCfg = Release|Any CPU
		{5161C1C4-A1CA-4037-9E07-BD15A6CC2C8E}.Release|Any CPU.Build.0 = Release|Any CPU
		{0763E26C-DC2E-4213-A014-ABAE886977BE}.Debug|Any CPU.ActiveCfg = Debug|Any CPU
		{0763E26C-DC2E-4213-A014-ABAE886977BE}.Debug|Any CPU.Build.0 = Debug|Any CPU
		{0763E26C-DC2E-4213-A014-ABAE886977BE}.Release|Any CPU.ActiveCfg = Release|Any CPU
		{0763E26C-DC2E-4213-A014-ABAE886977BE}.Release|Any CPU.Build.0 = Release|Any CPU
	EndGlobalSection
	GlobalSection(SolutionProperties) = preSolution
		HideSolutionNode = FALSE
	EndGlobalSection
	GlobalSection(ExtensibilityGlobals) = postSolution
		SolutionGuid = {6C074879-0CB5-4960-A006-C7A69F800581}
	EndGlobalSection
EndGlobal
